
Microsoft Visual Studio Solution File, Format Version 12.00
# Visual Studio Version 17
VisualStudioVersion = 17.2.32505.173
MinimumVisualStudioVersion = 10.0.40219.1
Project("{FAE04EC0-301F-11D3-BF4B-00C04F79EFBC}") = "RestFulApi", "RestFulApi\RestFulApi.csproj", "{A5021791-1EE6-4F64-A43F-3082A677C365}"
EndProject
Global
	GlobalSection(SolutionConfigurationPlatforms) = preSolution
		Debug|Any CPU = Debug|Any CPU
		Release|Any CPU = Release|Any CPU
	EndGlobalSection
	GlobalSection(ProjectConfigurationPlatforms) = postSolution
		{A5021791-1EE6-4F64-A43F-3082A677C365}.Debug|Any CPU.ActiveCfg = Debug|Any CPU
		{A5021791-1EE6-4F64-A43F-3082A677C365}.Debug|Any CPU.Build.0 = Debug|Any CPU
		{A5021791-1EE6-4F64-A43F-3082A677C365}.Release|Any CPU.ActiveCfg = Release|Any CPU
		{A5021791-1EE6-4F64-A43F-3082A677C365}.Release|Any CPU.Build.0 = Release|Any CPU
	EndGlobalSection
	GlobalSection(SolutionProperties) = preSolution
		HideSolutionNode = FALSE
	EndGlobalSection
	GlobalSection(ExtensibilityGlobals) = postSolution
		SolutionGuid = {722D1D18-1249-4531-977B-568ED40EDF9D}
	EndGlobalSection
EndGlobal
